{
  "name": "elementary-affine-calculus",
  "version": "0.1.0",
  "lockfileVersion": 1,
  "requires": true,
  "dependencies": {
    "nasic": {
      "version": "0.1.1",
      "resolved": "https://registry.npmjs.org/nasic/-/nasic-0.1.1.tgz",
      "integrity": "sha512-QANoJQ0QIoPccJuVFjjU5CnFKbxrcg1LVzuRMJgewgfDtg4aea6VFTxRLg8A24GVOrRsJyA0Hh7C0FqgIlpTZg=="
    }
  }
}
